<?xml version="1.0" encoding="utf-8"?>
<Project ToolsVersion="15.0" xmlns="http://schemas.microsoft.com/developer/msbuild/2003">
  <ItemGroup>
    <ClCompile Include="E:\ProjectTen\GameServer\NewFramework\New_Server\Server\Client\GlobalObject.cpp">
      <Filter>Source Files</Filter>
    </ClCompile>
    <ClCompile Include="E:\ProjectTen\GameServer\NewFramework\New_Server\Server\Client\Client.cpp">
      <Filter>Source Files</Filter>
    </ClCompile>
    <ClCompile Include="E:\ProjectTen\GameServer\NewFramework\New_Server\Server\Client\Log.cpp">
      <Filter>Source Files</Filter>
    </ClCompile>
    <ClCompile Include="E:\ProjectTen\GameServer\NewFramework\New_Server\Server\Client\dllmain.cpp">
      <Filter>Source Files</Filter>
    </ClCompile>
    <ClCompile Include="..\Common\Ascii.cpp">
      <Filter>Source Files</Filter>
    </ClCompile>
    <ClCompile Include="..\Common\AtomicCounter.cpp">
      <Filter>Source Files</Filter>
    </ClCompile>
    <ClCompile Include="..\Common\Bugcheck.cpp">
      <Filter>Source Files</Filter>
    </ClCompile>
    <ClCompile Include="..\Common\Config.cpp">
      <Filter>Source Files</Filter>
    </ClCompile>
    <ClCompile Include="..\Common\Debugger.cpp">
      <Filter>Source Files</Filter>
    </ClCompile>
    <ClCompile Include="..\Common\DigestEngine.cpp">
      <Filter>Source Files</Filter>
    </ClCompile>
    <ClCompile Include="..\Common\DirectoryIterator.cpp">
      <Filter>Source Files</Filter>
    </ClCompile>
    <ClCompile Include="..\Common\Environment.cpp">
      <Filter>Source Files</Filter>
    </ClCompile>
    <ClCompile Include="..\Common\ErrorHandler.cpp">
      <Filter>Source Files</Filter>
    </ClCompile>
    <ClCompile Include="..\Common\Event.cpp">
      <Filter>Source Files</Filter>
    </ClCompile>
    <ClCompile Include="..\Common\Exception.cpp">
      <Filter>Source Files</Filter>
    </ClCompile>
    <ClCompile Include="..\Common\File.cpp">
      <Filter>Source Files</Filter>
    </ClCompile>
    <ClCompile Include="..\Common\LoadingCounter.cpp">
      <Filter>Source Files</Filter>
    </ClCompile>
    <ClCompile Include="..\Common\MemBlockPool.cpp">
      <Filter>Source Files</Filter>
    </ClCompile>
    <ClCompile Include="..\Common\Mutex.cpp">
      <Filter>Source Files</Filter>
    </ClCompile>
    <ClCompile Include="..\Common\NumberFormatter.cpp">
      <Filter>Source Files</Filter>
    </ClCompile>
    <ClCompile Include="..\Common\Path.cpp">
      <Filter>Source Files</Filter>
    </ClCompile>
    <ClCompile Include="..\Common\PseudoRandom.cpp">
      <Filter>Source Files</Filter>
    </ClCompile>
    <ClCompile Include="..\Common\Random.cpp">
      <Filter>Source Files</Filter>
    </ClCompile>
    <ClCompile Include="..\Common\RandomStream.cpp">
      <Filter>Source Files</Filter>
    </ClCompile>
    <ClCompile Include="..\Common\RefCountedObject.cpp">
      <Filter>Source Files</Filter>
    </ClCompile>
    <ClCompile Include="..\Common\Runnable.cpp">
      <Filter>Source Files</Filter>
    </ClCompile>
    <ClCompile Include="..\Common\SHA1Engine.cpp">
      <Filter>Source Files</Filter>
    </ClCompile>
    <ClCompile Include="..\Common\SignalHandler.cpp">
      <Filter>Source Files</Filter>
    </ClCompile>
    <ClCompile Include="..\Common\StringTokenizer.cpp">
      <Filter>Source Files</Filter>
    </ClCompile>
    <ClCompile Include="..\Common\Thread.cpp">
      <Filter>Source Files</Filter>
    </ClCompile>
    <ClCompile Include="..\Common\ThreadLocal.cpp">
      <Filter>Source Files</Filter>
    </ClCompile>
    <ClCompile Include="..\Common\Timespan.cpp">
      <Filter>Source Files</Filter>
    </ClCompile>
    <ClCompile Include="..\Common\Timestamp.cpp">
      <Filter>Source Files</Filter>
    </ClCompile>
    <ClCompile Include="..\Common\TimeUtil.cpp">
      <Filter>Source Files</Filter>
    </ClCompile>
    <ClCompile Include="..\Common\TInf.cpp">
      <Filter>Source Files</Filter>
    </ClCompile>
    <ClCompile Include="..\Common\URandom.cpp">
      <Filter>Source Files</Filter>
    </ClCompile>
    <ClCompile Include="..\Network\ClientConn.cpp">
      <Filter>Source Files</Filter>
    </ClCompile>
    <ClCompile Include="..\Network\GameClient.cpp">
      <Filter>Source Files</Filter>
    </ClCompile>
    <ClCompile Include="..\Network\Network.cpp">
      <Filter>Source Files</Filter>
    </ClCompile>
    <ClCompile Include="..\Network\TcpConduit.cpp">
      <Filter>Source Files</Filter>
    </ClCompile>
    <ClCompile Include="..\Network\TcpServer.cpp">
      <Filter>Source Files</Filter>
    </ClCompile>
  </ItemGroup>
  <ItemGroup>
    <CustomBuild Include="E:\ProjectTen\GameServer\NewFramework\New_Server\Server\Client\CMakeLists.txt" />
  </ItemGroup>
  <ItemGroup>
    <Filter Include="Source Files">
      <UniqueIdentifier>{BB54E22C-08EC-30A2-920D-4CF6E44996DC}</UniqueIdentifier>
    </Filter>
    <Filter Include="Header Files">
      <UniqueIdentifier>{f07b0c04-9feb-41e9-8506-c6d544fdcdbf}</UniqueIdentifier>
    </Filter>
  </ItemGroup>
  <ItemGroup>
    <ClInclude Include="Client.h">
      <Filter>Header Files</Filter>
    </ClInclude>
    <ClInclude Include="GlobalObject.h">
      <Filter>Header Files</Filter>
    </ClInclude>
    <ClInclude Include="Log.h">
      <Filter>Header Files</Filter>
    </ClInclude>
    <ClInclude Include="..\Common\Ascii.h">
      <Filter>Header Files</Filter>
    </ClInclude>
    <ClInclude Include="..\Common\AtomicCounter.h">
      <Filter>Header Files</Filter>
    </ClInclude>
    <ClInclude Include="..\Common\AtomicVal.h">
      <Filter>Header Files</Filter>
    </ClInclude>
    <ClInclude Include="..\Common\AutoPtr.h">
      <Filter>Header Files</Filter>
    </ClInclude>
    <ClInclude Include="..\Common\BaseThread.h">
      <Filter>Header Files</Filter>
    </ClInclude>
    <ClInclude Include="..\Common\BinaryReader.h">
      <Filter>Header Files</Filter>
    </ClInclude>
    <ClInclude Include="..\Common\Buffer.h">
      <Filter>Header Files</Filter>
    </ClInclude>
    <ClInclude Include="..\Common\BufferAllocator.h">
      <Filter>Header Files</Filter>
    </ClInclude>
    <ClInclude Include="..\Common\BufferedStreamBuf.h">
      <Filter>Header Files</Filter>
    </ClInclude>
    <ClInclude Include="..\Common\Bugcheck.h">
      <Filter>Header Files</Filter>
    </ClInclude>
    <ClInclude Include="..\Common\Compat.h">
      <Filter>Header Files</Filter>
    </ClInclude>
    <ClInclude Include="..\Common\Config.h">
      <Filter>Header Files</Filter>
    </ClInclude>
    <ClInclude Include="..\Common\Debugger.h">
      <Filter>Header Files</Filter>
    </ClInclude>
    <ClInclude Include="..\Common\DigestEngine.h">
      <Filter>Header Files</Filter>
    </ClInclude>
    <ClInclude Include="..\Common\DirectoryIterator.h">
      <Filter>Header Files</Filter>
    </ClInclude>
    <ClInclude Include="..\Common\Environment.h">
      <Filter>Header Files</Filter>
    </ClInclude>
    <ClInclude Include="..\Common\ErrorHandler.h">
      <Filter>Header Files</Filter>
    </ClInclude>
    <ClInclude Include="..\Common\Event.h">
      <Filter>Header Files</Filter>
    </ClInclude>
    <ClInclude Include="..\Common\Exception.h">
      <Filter>Header Files</Filter>
    </ClInclude>
    <ClInclude Include="..\Common\File.h">
      <Filter>Header Files</Filter>
    </ClInclude>
    <ClInclude Include="..\Common\File_UNIX.h">
      <Filter>Header Files</Filter>
    </ClInclude>
    <ClInclude Include="..\Common\File_WIN32.h">
      <Filter>Header Files</Filter>
    </ClInclude>
    <ClInclude Include="..\Common\HashList.h">
      <Filter>Header Files</Filter>
    </ClInclude>
    <ClInclude Include="..\Common\HashTable.h">
      <Filter>Header Files</Filter>
    </ClInclude>
    <ClInclude Include="..\Common\Itoa.h">
      <Filter>Header Files</Filter>
    </ClInclude>
    <ClInclude Include="..\Common\LoadingCounter.h">
      <Filter>Header Files</Filter>
    </ClInclude>
    <ClInclude Include="..\Common\MemBlockPool.h">
      <Filter>Header Files</Filter>
    </ClInclude>
    <ClInclude Include="..\Common\Mutex.h">
      <Filter>Header Files</Filter>
    </ClInclude>
    <ClInclude Include="..\Common\Node.h">
      <Filter>Header Files</Filter>
    </ClInclude>
    <ClInclude Include="..\Common\Noncopyable.h">
      <Filter>Header Files</Filter>
    </ClInclude>
    <ClInclude Include="..\Common\NumberFormatter.h">
      <Filter>Header Files</Filter>
    </ClInclude>
    <ClInclude Include="..\Common\Path.h">
      <Filter>Header Files</Filter>
    </ClInclude>
    <ClInclude Include="..\Common\Platform.h">
      <Filter>Header Files</Filter>
    </ClInclude>
    <ClInclude Include="..\Common\PseudoRandom.h">
      <Filter>Header Files</Filter>
    </ClInclude>
    <ClInclude Include="..\Common\Queue.h">
      <Filter>Header Files</Filter>
    </ClInclude>
    <ClInclude Include="..\Common\Random.h">
      <Filter>Header Files</Filter>
    </ClInclude>
    <ClInclude Include="..\Common\RandomStream.h">
      <Filter>Header Files</Filter>
    </ClInclude>
    <ClInclude Include="..\Common\RefCountedObject.h">
      <Filter>Header Files</Filter>
    </ClInclude>
    <ClInclude Include="..\Common\Runnable.h">
      <Filter>Header Files</Filter>
    </ClInclude>
    <ClInclude Include="..\Common\ScopedLock.h">
      <Filter>Header Files</Filter>
    </ClInclude>
    <ClInclude Include="..\Common\Serialize.h">
      <Filter>Header Files</Filter>
    </ClInclude>
    <ClInclude Include="..\Common\ServerCommon.h">
      <Filter>Header Files</Filter>
    </ClInclude>
    <ClInclude Include="..\Common\SHA1Engine.h">
      <Filter>Header Files</Filter>
    </ClInclude>
    <ClInclude Include="..\Common\SignalHandler.h">
      <Filter>Header Files</Filter>
    </ClInclude>
    <ClInclude Include="..\Common\Singleton.h">
      <Filter>Header Files</Filter>
    </ClInclude>
    <ClInclude Include="..\Common\SingletonHolder.h">
      <Filter>Header Files</Filter>
    </ClInclude>
    <ClInclude Include="..\Common\Stream.h">
      <Filter>Header Files</Filter>
    </ClInclude>
    <ClInclude Include="..\Common\StreamUtil.h">
      <Filter>Header Files</Filter>
    </ClInclude>
    <ClInclude Include="..\Common\StringTokenizer.h">
      <Filter>Header Files</Filter>
    </ClInclude>
    <ClInclude Include="..\Common\StringUtil.h">
      <Filter>Header Files</Filter>
    </ClInclude>
    <ClInclude Include="..\Common\Thread.h">
      <Filter>Header Files</Filter>
    </ClInclude>
    <ClInclude Include="..\Common\ThreadLocal.h">
      <Filter>Header Files</Filter>
    </ClInclude>
    <ClInclude Include="..\Common\Timespan.h">
      <Filter>Header Files</Filter>
    </ClInclude>
    <ClInclude Include="..\Common\Timestamp.h">
      <Filter>Header Files</Filter>
    </ClInclude>
    <ClInclude Include="..\Common\TimeUtil.h">
      <Filter>Header Files</Filter>
    </ClInclude>
    <ClInclude Include="..\Common\TInf.h">
      <Filter>Header Files</Filter>
    </ClInclude>
    <ClInclude Include="..\Common\Unzipper.h">
      <Filter>Header Files</Filter>
    </ClInclude>
    <ClInclude Include="..\Common\URandom.h">
      <Filter>Header Files</Filter>
    </ClInclude>
    <ClInclude Include="..\Network\ClientConn.h">
      <Filter>Header Files</Filter>
    </ClInclude>
    <ClInclude Include="..\Network\GameClient.h">
      <Filter>Header Files</Filter>
    </ClInclude>
    <ClInclude Include="..\Network\Network.h">
      <Filter>Header Files</Filter>
    </ClInclude>
    <ClInclude Include="..\Network\TcpConduit.h">
      <Filter>Header Files</Filter>
    </ClInclude>
    <ClInclude Include="..\Network\TcpServer.h">
      <Filter>Header Files</Filter>
    </ClInclude>
    <ClInclude Include="..\Network\TcpServerWrapper.h">
      <Filter>Header Files</Filter>
    </ClInclude>
  </ItemGroup>
</Project>