<?xml version="1.0" encoding="UTF-8"?>
<Project ToolsVersion="15.0" xmlns="http://schemas.microsoft.com/developer/msbuild/2003">
  <ItemGroup>
    <ClCompile Include="E:\ProjectTen\New_Server\Server\Network\Network.cpp">
      <Filter>Source Files</Filter>
    </ClCompile>
    <ClCompile Include="E:\ProjectTen\New_Server\Server\Network\TcpServer.cpp">
      <Filter>Source Files</Filter>
    </ClCompile>
    <ClCompile Include="E:\ProjectTen\New_Server\Server\Network\TcpConduit.cpp">
      <Filter>Source Files</Filter>
    </ClCompile>
    <ClCompile Include="E:\ProjectTen\New_Server\Server\Network\GameClient.cpp">
      <Filter>Source Files</Filter>
    </ClCompile>
    <ClCompile Include="E:\ProjectTen\New_Server\Server\Network\ClientConn.cpp">
      <Filter>Source Files</Filter>
    </ClCompile>
  </ItemGroup>
  <ItemGroup>
    <ClInclude Include="E:\ProjectTen\New_Server\Server\Network\ClientConn.h">
      <Filter>Header Files</Filter>
    </ClInclude>
    <ClInclude Include="E:\ProjectTen\New_Server\Server\Network\TcpServerWrapper.h">
      <Filter>Header Files</Filter>
    </ClInclude>
    <ClInclude Include="E:\ProjectTen\New_Server\Server\Network\TcpServer.h">
      <Filter>Header Files</Filter>
    </ClInclude>
    <ClInclude Include="E:\ProjectTen\New_Server\Server\Network\TcpConduit.h">
      <Filter>Header Files</Filter>
    </ClInclude>
    <ClInclude Include="E:\ProjectTen\New_Server\Server\Network\GameClient.h">
      <Filter>Header Files</Filter>
    </ClInclude>
    <ClInclude Include="E:\ProjectTen\New_Server\Server\Network\Network.h">
      <Filter>Header Files</Filter>
    </ClInclude>
  </ItemGroup>
  <ItemGroup>
    <CustomBuild Include="E:\ProjectTen\New_Server\Server\Network\CMakeLists.txt" />
  </ItemGroup>
  <ItemGroup>
    <Filter Include="Source Files">
      <UniqueIdentifier>{ED5101FC-72F6-3F33-B3E4-85C97EA147DE}</UniqueIdentifier>
    </Filter>
    <Filter Include="Header Files">
      <UniqueIdentifier>{5A7DADBC-7806-3B20-BDC3-51A922F9F0F6}</UniqueIdentifier>
    </Filter>
  </ItemGroup>
</Project>
