<?xml version="1.0" encoding="UTF-8"?>
<Project ToolsVersion="15.0" xmlns="http://schemas.microsoft.com/developer/msbuild/2003">
  <ItemGroup>
    <ClCompile Include="E:\ProjectTen\New_Server\Server\Common\ErrorHandler.cpp">
      <Filter>Source Files</Filter>
    </ClCompile>
    <ClCompile Include="E:\ProjectTen\New_Server\Server\Common\Debugger.cpp">
      <Filter>Source Files</Filter>
    </ClCompile>
    <ClCompile Include="E:\ProjectTen\New_Server\Server\Common\RandomStream.cpp">
      <Filter>Source Files</Filter>
    </ClCompile>
    <ClCompile Include="E:\ProjectTen\New_Server\Server\Common\RefCountedObject.cpp">
      <Filter>Source Files</Filter>
    </ClCompile>
    <ClCompile Include="E:\ProjectTen\New_Server\Server\Common\SHA1Engine.cpp">
      <Filter>Source Files</Filter>
    </ClCompile>
    <ClCompile Include="E:\ProjectTen\New_Server\Server\Common\Environment.cpp">
      <Filter>Source Files</Filter>
    </ClCompile>
    <ClCompile Include="E:\ProjectTen\New_Server\Server\Common\Thread.cpp">
      <Filter>Source Files</Filter>
    </ClCompile>
    <ClCompile Include="E:\ProjectTen\New_Server\Server\Common\Timestamp.cpp">
      <Filter>Source Files</Filter>
    </ClCompile>
    <ClCompile Include="E:\ProjectTen\New_Server\Server\Common\SignalHandler.cpp">
      <Filter>Source Files</Filter>
    </ClCompile>
    <ClCompile Include="E:\ProjectTen\New_Server\Server\Common\Bugcheck.cpp">
      <Filter>Source Files</Filter>
    </ClCompile>
    <ClCompile Include="E:\ProjectTen\New_Server\Server\Common\Zip.cpp">
      <Filter>Source Files</Filter>
    </ClCompile>
    <ClCompile Include="E:\ProjectTen\New_Server\Server\Common\File.cpp">
      <Filter>Source Files</Filter>
    </ClCompile>
    <ClCompile Include="E:\ProjectTen\New_Server\Server\Common\Exception.cpp">
      <Filter>Source Files</Filter>
    </ClCompile>
    <ClCompile Include="E:\ProjectTen\New_Server\Server\Common\TimeUtil.cpp">
      <Filter>Source Files</Filter>
    </ClCompile>
    <ClCompile Include="E:\ProjectTen\New_Server\Server\Common\URandom.cpp">
      <Filter>Source Files</Filter>
    </ClCompile>
    <ClCompile Include="E:\ProjectTen\New_Server\Server\Common\NumberFormatter.cpp">
      <Filter>Source Files</Filter>
    </ClCompile>
    <ClCompile Include="E:\ProjectTen\New_Server\Server\Common\Path.cpp">
      <Filter>Source Files</Filter>
    </ClCompile>
    <ClCompile Include="E:\ProjectTen\New_Server\Server\Common\DirectoryIterator.cpp">
      <Filter>Source Files</Filter>
    </ClCompile>
    <ClCompile Include="E:\ProjectTen\New_Server\Server\Common\Timespan.cpp">
      <Filter>Source Files</Filter>
    </ClCompile>
    <ClCompile Include="E:\ProjectTen\New_Server\Server\Common\DigestEngine.cpp">
      <Filter>Source Files</Filter>
    </ClCompile>
    <ClCompile Include="E:\ProjectTen\New_Server\Server\Common\ThreadLocal.cpp">
      <Filter>Source Files</Filter>
    </ClCompile>
    <ClCompile Include="E:\ProjectTen\New_Server\Server\Common\Mutex.cpp">
      <Filter>Source Files</Filter>
    </ClCompile>
    <ClCompile Include="E:\ProjectTen\New_Server\Server\Common\PseudoRandom.cpp">
      <Filter>Source Files</Filter>
    </ClCompile>
    <ClCompile Include="E:\ProjectTen\New_Server\Server\Common\Random.cpp">
      <Filter>Source Files</Filter>
    </ClCompile>
    <ClCompile Include="E:\ProjectTen\New_Server\Server\Common\Runnable.cpp">
      <Filter>Source Files</Filter>
    </ClCompile>
    <ClCompile Include="E:\ProjectTen\New_Server\Server\Common\AtomicCounter.cpp">
      <Filter>Source Files</Filter>
    </ClCompile>
    <ClCompile Include="E:\ProjectTen\New_Server\Server\Common\Event.cpp">
      <Filter>Source Files</Filter>
    </ClCompile>
    <ClCompile Include="E:\ProjectTen\New_Server\Server\Common\Ascii.cpp">
      <Filter>Source Files</Filter>
    </ClCompile>
    <ClCompile Include="E:\ProjectTen\New_Server\Server\Common\TInf.cpp">
      <Filter>Source Files</Filter>
    </ClCompile>
    <ClCompile Include="E:\ProjectTen\New_Server\Server\Common\StringTokenizer.cpp">
      <Filter>Source Files</Filter>
    </ClCompile>
    <ClCompile Include="E:\ProjectTen\New_Server\Server\Common\MemBlockPool.cpp">
      <Filter>Source Files</Filter>
    </ClCompile>
    <ClCompile Include="E:\ProjectTen\New_Server\Server\Common\LoadingCounter.cpp">
      <Filter>Source Files</Filter>
    </ClCompile>
    <ClCompile Include="E:\ProjectTen\New_Server\Server\Common\Config.cpp">
      <Filter>Source Files</Filter>
    </ClCompile>
  </ItemGroup>
  <ItemGroup>
    <CustomBuild Include="E:\ProjectTen\New_Server\Server\Common\CMakeLists.txt" />
  </ItemGroup>
  <ItemGroup>
    <Filter Include="Source Files">
      <UniqueIdentifier>{ED5101FC-72F6-3F33-B3E4-85C97EA147DE}</UniqueIdentifier>
    </Filter>
  </ItemGroup>
</Project>
